
Microsoft Visual Studio Solution File, Format Version 12.00
# Visual Studio Version 17
VisualStudioVersion = 17.11.35327.3
MinimumVisualStudioVersion = 10.0.40219.1
Project("{FAE04EC0-301F-11D3-BF4B-00C04F79EFBC}") = "Karel", "Karel\Karel.csproj", "{861C1D98-9AC2-4F40-BD7C-932421192DE8}"
EndProject
Global
	GlobalSection(SolutionConfigurationPlatforms) = preSolution
		Debug|Any CPU = Debug|Any CPU
		Release|Any CPU = Release|Any CPU
	EndGlobalSection
	GlobalSection(ProjectConfigurationPlatforms) = postSolution
		{861C1D98-9AC2-4F40-BD7C-932421192DE8}.Debug|Any CPU.ActiveCfg = Debug|Any CPU
		{861C1D98-9AC2-4F40-BD7C-932421192DE8}.Debug|Any CPU.Build.0 = Debug|Any CPU
		{861C1D98-9AC2-4F40-BD7C-932421192DE8}.Release|Any CPU.ActiveCfg = Release|Any CPU
		{861C1D98-9AC2-4F40-BD7C-932421192DE8}.Release|Any CPU.Build.0 = Release|Any CPU
	EndGlobalSection
	GlobalSection(SolutionProperties) = preSolution
		HideSolutionNode = FALSE
	EndGlobalSection
	GlobalSection(ExtensibilityGlobals) = postSolution
		SolutionGuid = {FE05A4C6-C559-4F3D-9E15-3E2E19568B78}
	EndGlobalSection
EndGlobal
